
Microsoft Visual Studio Solution File, Format Version 12.00
# Visual Studio 15
VisualStudioVersion = 15.0.28307.168
MinimumVisualStudioVersion = 10.0.40219.1
Project("{FAE04EC0-301F-11D3-BF4B-00C04F79EFBC}") = "RGB셀렉터", "RGB셀렉터\RGB셀렉터.csproj", "{AAA30A6A-B347-4251-8CCA-46AC75AFA5A6}"
EndProject
Global
	GlobalSection(SolutionConfigurationPlatforms) = preSolution
		Debug|Any CPU = Debug|Any CPU
		Release|Any CPU = Release|Any CPU
	EndGlobalSection
	GlobalSection(ProjectConfigurationPlatforms) = postSolution
		{AAA30A6A-B347-4251-8CCA-46AC75AFA5A6}.Debug|Any CPU.ActiveCfg = Debug|Any CPU
		{AAA30A6A-B347-4251-8CCA-46AC75AFA5A6}.Debug|Any CPU.Build.0 = Debug|Any CPU
		{AAA30A6A-B347-4251-8CCA-46AC75AFA5A6}.Release|Any CPU.ActiveCfg = Release|Any CPU
		{AAA30A6A-B347-4251-8CCA-46AC75AFA5A6}.Release|Any CPU.Build.0 = Release|Any CPU
	EndGlobalSection
	GlobalSection(SolutionProperties) = preSolution
		HideSolutionNode = FALSE
	EndGlobalSection
	GlobalSection(ExtensibilityGlobals) = postSolution
		SolutionGuid = {F239198E-6BA7-4D0B-B06A-F8F5D003B7C5}
	EndGlobalSection
EndGlobal
